
Microsoft Visual Studio Solution File, Format Version 12.00
# Visual Studio 15
VisualStudioVersion = 15.0.26124.0
MinimumVisualStudioVersion = 15.0.26124.0
Project("{FAE04EC0-301F-11D3-BF4B-00C04F79EFBC}") = "Solvers", "Solvers\Solvers.csproj", "{9E7B2112-E4D4-4402-9866-A60D89254546}"
EndProject
Project("{FAE04EC0-301F-11D3-BF4B-00C04F79EFBC}") = "Solvers.Test", "Solvers.Test\Solvers.Test.csproj", "{4F493C4C-5AD3-42B0-A2E1-80CE0AF9EDEE}"
EndProject
Global
	GlobalSection(SolutionConfigurationPlatforms) = preSolution
		Debug|Any CPU = Debug|Any CPU
		Debug|x64 = Debug|x64
		Debug|x86 = Debug|x86
		Release|Any CPU = Release|Any CPU
		Release|x64 = Release|x64
		Release|x86 = Release|x86
	EndGlobalSection
	GlobalSection(SolutionProperties) = preSolution
		HideSolutionNode = FALSE
	EndGlobalSection
	GlobalSection(ProjectConfigurationPlatforms) = postSolution
		{9E7B2112-E4D4-4402-9866-A60D89254546}.Debug|Any CPU.ActiveCfg = Debug|Any CPU
		{9E7B2112-E4D4-4402-9866-A60D89254546}.Debug|Any CPU.Build.0 = Debug|Any CPU
		{9E7B2112-E4D4-4402-9866-A60D89254546}.Debug|x64.ActiveCfg = Debug|Any CPU
		{9E7B2112-E4D4-4402-9866-A60D89254546}.Debug|x64.Build.0 = Debug|Any CPU
		{9E7B2112-E4D4-4402-9866-A60D89254546}.Debug|x86.ActiveCfg = Debug|Any CPU
		{9E7B2112-E4D4-4402-9866-A60D89254546}.Debug|x86.Build.0 = Debug|Any CPU
		{9E7B2112-E4D4-4402-9866-A60D89254546}.Release|Any CPU.ActiveCfg = Release|Any CPU
		{9E7B2112-E4D4-4402-9866-A60D89254546}.Release|Any CPU.Build.0 = Release|Any CPU
		{9E7B2112-E4D4-4402-9866-A60D89254546}.Release|x64.ActiveCfg = Release|Any CPU
		{9E7B2112-E4D4-4402-9866-A60D89254546}.Release|x64.Build.0 = Release|Any CPU
		{9E7B2112-E4D4-4402-9866-A60D89254546}.Release|x86.ActiveCfg = Release|Any CPU
		{9E7B2112-E4D4-4402-9866-A60D89254546}.Release|x86.Build.0 = Release|Any CPU
		{4F493C4C-5AD3-42B0-A2E1-80CE0AF9EDEE}.Debug|Any CPU.ActiveCfg = Debug|Any CPU
		{4F493C4C-5AD3-42B0-A2E1-80CE0AF9EDEE}.Debug|Any CPU.Build.0 = Debug|Any CPU
		{4F493C4C-5AD3-42B0-A2E1-80CE0AF9EDEE}.Debug|x64.ActiveCfg = Debug|Any CPU
		{4F493C4C-5AD3-42B0-A2E1-80CE0AF9EDEE}.Debug|x64.Build.0 = Debug|Any CPU
		{4F493C4C-5AD3-42B0-A2E1-80CE0AF9EDEE}.Debug|x86.ActiveCfg = Debug|Any CPU
		{4F493C4C-5AD3-42B0-A2E1-80CE0AF9EDEE}.Debug|x86.Build.0 = Debug|Any CPU
		{4F493C4C-5AD3-42B0-A2E1-80CE0AF9EDEE}.Release|Any CPU.ActiveCfg = Release|Any CPU
		{4F493C4C-5AD3-42B0-A2E1-80CE0AF9EDEE}.Release|Any CPU.Build.0 = Release|Any CPU
		{4F493C4C-5AD3-42B0-A2E1-80CE0AF9EDEE}.Release|x64.ActiveCfg = Release|Any CPU
		{4F493C4C-5AD3-42B0-A2E1-80CE0AF9EDEE}.Release|x64.Build.0 = Release|Any CPU
		{4F493C4C-5AD3-42B0-A2E1-80CE0AF9EDEE}.Release|x86.ActiveCfg = Release|Any CPU
		{4F493C4C-5AD3-42B0-A2E1-80CE0AF9EDEE}.Release|x86.Build.0 = Release|Any CPU
	EndGlobalSection
EndGlobal
